
Microsoft Visual Studio Solution File, Format Version 12.00
# Visual Studio Version 16
VisualStudioVersion = 16.0.30503.244
MinimumVisualStudioVersion = 10.0.40219.1
Project("{FAE04EC0-301F-11D3-BF4B-00C04F79EFBC}") = "TGDatabase", "TGDatabase\TGDatabase.csproj", "{18562AAA-D062-4459-8C9A-1B31DFCDA3B9}"
EndProject
Project("{FAE04EC0-301F-11D3-BF4B-00C04F79EFBC}") = "TGbot", "TGbot\TGbot.csproj", "{5B2C34D2-4EF3-4228-87F2-62A1B7411F42}"
EndProject
Global
	GlobalSection(SolutionConfigurationPlatforms) = preSolution
		Debug|Any CPU = Debug|Any CPU
		Release|Any CPU = Release|Any CPU
	EndGlobalSection
	GlobalSection(ProjectConfigurationPlatforms) = postSolution
		{18562AAA-D062-4459-8C9A-1B31DFCDA3B9}.Debug|Any CPU.ActiveCfg = Debug|Any CPU
		{18562AAA-D062-4459-8C9A-1B31DFCDA3B9}.Debug|Any CPU.Build.0 = Debug|Any CPU
		{18562AAA-D062-4459-8C9A-1B31DFCDA3B9}.Release|Any CPU.ActiveCfg = Release|Any CPU
		{18562AAA-D062-4459-8C9A-1B31DFCDA3B9}.Release|Any CPU.Build.0 = Release|Any CPU
		{5B2C34D2-4EF3-4228-87F2-62A1B7411F42}.Debug|Any CPU.ActiveCfg = Debug|Any CPU
		{5B2C34D2-4EF3-4228-87F2-62A1B7411F42}.Debug|Any CPU.Build.0 = Debug|Any CPU
		{5B2C34D2-4EF3-4228-87F2-62A1B7411F42}.Release|Any CPU.ActiveCfg = Release|Any CPU
		{5B2C34D2-4EF3-4228-87F2-62A1B7411F42}.Release|Any CPU.Build.0 = Release|Any CPU
	EndGlobalSection
	GlobalSection(SolutionProperties) = preSolution
		HideSolutionNode = FALSE
	EndGlobalSection
	GlobalSection(ExtensibilityGlobals) = postSolution
		SolutionGuid = {AE07239C-BCBA-42B2-A51F-75413E72DFC5}
	EndGlobalSection
EndGlobal
